
Microsoft Visual Studio Solution File, Format Version 12.00
# Visual Studio Version 17
VisualStudioVersion = 17.9.34728.123
MinimumVisualStudioVersion = 10.0.40219.1
Project("{FAE04EC0-301F-11D3-BF4B-00C04F79EFBC}") = "dotnetCourse", "dotnetCourse\dotnetCourse.csproj", "{9F9FB3CE-653D-4221-B215-3B225DA219E3}"
EndProject
Global
	GlobalSection(SolutionConfigurationPlatforms) = preSolution
		Debug|Any CPU = Debug|Any CPU
		Release|Any CPU = Release|Any CPU
	EndGlobalSection
	GlobalSection(ProjectConfigurationPlatforms) = postSolution
		{9F9FB3CE-653D-4221-B215-3B225DA219E3}.Debug|Any CPU.ActiveCfg = Debug|Any CPU
		{9F9FB3CE-653D-4221-B215-3B225DA219E3}.Debug|Any CPU.Build.0 = Debug|Any CPU
		{9F9FB3CE-653D-4221-B215-3B225DA219E3}.Release|Any CPU.ActiveCfg = Release|Any CPU
		{9F9FB3CE-653D-4221-B215-3B225DA219E3}.Release|Any CPU.Build.0 = Release|Any CPU
	EndGlobalSection
	GlobalSection(SolutionProperties) = preSolution
		HideSolutionNode = FALSE
	EndGlobalSection
	GlobalSection(ExtensibilityGlobals) = postSolution
		SolutionGuid = {593E1EC8-9B43-4DF6-893B-4E2BED5C1407}
	EndGlobalSection
EndGlobal
